
Microsoft Visual Studio Solution File, Format Version 12.00
# Visual Studio Version 17
VisualStudioVersion = 17.13.35825.156
MinimumVisualStudioVersion = 10.0.40219.1
Project("{FAE04EC0-301F-11D3-BF4B-00C04F79EFBC}") = "Iterator", "Iterator\Iterator.csproj", "{1CCC6320-9889-4185-BBCE-68EC2AB02D46}"
EndProject
Project("{FAE04EC0-301F-11D3-BF4B-00C04F79EFBC}") = "FactoryMethod", "FactoryMethod\FactoryMethod.csproj", "{37D258FC-D9E2-435B-8946-3BD9680C1D41}"
EndProject
Project("{FAE04EC0-301F-11D3-BF4B-00C04F79EFBC}") = "Adapter", "Adapter\Adapter.csproj", "{35FB68FE-8FDF-4ABF-A4A5-CA174ACB6050}"
EndProject
Project("{FAE04EC0-301F-11D3-BF4B-00C04F79EFBC}") = "Observer", "Observer\Observer.csproj", "{DF5D21BD-D61D-4DD8-A11A-E2A7C0AB7505}"
EndProject
Project("{FAE04EC0-301F-11D3-BF4B-00C04F79EFBC}") = "EmergencyObserver", "EmergencyObserver\EmergencyObserver.csproj", "{286C1192-8002-45DE-97C8-518EF75F2B2C}"
EndProject
Project("{FAE04EC0-301F-11D3-BF4B-00C04F79EFBC}") = "Builder", "Builder\Builder.csproj", "{157644A0-B9ED-49C7-8E03-109E47DFE7F3}"
EndProject
Project("{FAE04EC0-301F-11D3-BF4B-00C04F79EFBC}") = "Command", "Command\Command.csproj", "{A4F0B8BC-0BF0-4D23-A4E6-138D28573133}"
EndProject
Project("{FAE04EC0-301F-11D3-BF4B-00C04F79EFBC}") = "Proxy", "Proxy\Proxy.csproj", "{86557600-EC0C-40F8-B3AC-678F18436D12}"
EndProject
Project("{FAE04EC0-301F-11D3-BF4B-00C04F79EFBC}") = "ChainOfResponsibility", "ChainOfResponsibility\ChainOfResponsibility.csproj", "{1D32602F-26B6-434F-896F-8621EC90EB4A}"
EndProject
Global
	GlobalSection(SolutionConfigurationPlatforms) = preSolution
		Debug|Any CPU = Debug|Any CPU
		Release|Any CPU = Release|Any CPU
	EndGlobalSection
	GlobalSection(ProjectConfigurationPlatforms) = postSolution
		{1CCC6320-9889-4185-BBCE-68EC2AB02D46}.Debug|Any CPU.ActiveCfg = Debug|Any CPU
		{1CCC6320-9889-4185-BBCE-68EC2AB02D46}.Debug|Any CPU.Build.0 = Debug|Any CPU
		{1CCC6320-9889-4185-BBCE-68EC2AB02D46}.Release|Any CPU.ActiveCfg = Release|Any CPU
		{1CCC6320-9889-4185-BBCE-68EC2AB02D46}.Release|Any CPU.Build.0 = Release|Any CPU
		{37D258FC-D9E2-435B-8946-3BD9680C1D41}.Debug|Any CPU.ActiveCfg = Debug|Any CPU
		{37D258FC-D9E2-435B-8946-3BD9680C1D41}.Debug|Any CPU.Build.0 = Debug|Any CPU
		{37D258FC-D9E2-435B-8946-3BD9680C1D41}.Release|Any CPU.ActiveCfg = Release|Any CPU
		{37D258FC-D9E2-435B-8946-3BD9680C1D41}.Release|Any CPU.Build.0 = Release|Any CPU
		{35FB68FE-8FDF-4ABF-A4A5-CA174ACB6050}.Debug|Any CPU.ActiveCfg = Debug|Any CPU
		{35FB68FE-8FDF-4ABF-A4A5-CA174ACB6050}.Debug|Any CPU.Build.0 = Debug|Any CPU
		{35FB68FE-8FDF-4ABF-A4A5-CA174ACB6050}.Release|Any CPU.ActiveCfg = Release|Any CPU
		{35FB68FE-8FDF-4ABF-A4A5-CA174ACB6050}.Release|Any CPU.Build.0 = Release|Any CPU
		{DF5D21BD-D61D-4DD8-A11A-E2A7C0AB7505}.Debug|Any CPU.ActiveCfg = Debug|Any CPU
		{DF5D21BD-D61D-4DD8-A11A-E2A7C0AB7505}.Debug|Any CPU.Build.0 = Debug|Any CPU
		{DF5D21BD-D61D-4DD8-A11A-E2A7C0AB7505}.Release|Any CPU.ActiveCfg = Release|Any CPU
		{DF5D21BD-D61D-4DD8-A11A-E2A7C0AB7505}.Release|Any CPU.Build.0 = Release|Any CPU
		{286C1192-8002-45DE-97C8-518EF75F2B2C}.Debug|Any CPU.ActiveCfg = Debug|Any CPU
		{286C1192-8002-45DE-97C8-518EF75F2B2C}.Debug|Any CPU.Build.0 = Debug|Any CPU
		{286C1192-8002-45DE-97C8-518EF75F2B2C}.Release|Any CPU.ActiveCfg = Release|Any CPU
		{286C1192-8002-45DE-97C8-518EF75F2B2C}.Release|Any CPU.Build.0 = Release|Any CPU
		{157644A0-B9ED-49C7-8E03-109E47DFE7F3}.Debug|Any CPU.ActiveCfg = Debug|Any CPU
		{157644A0-B9ED-49C7-8E03-109E47DFE7F3}.Debug|Any CPU.Build.0 = Debug|Any CPU
		{157644A0-B9ED-49C7-8E03-109E47DFE7F3}.Release|Any CPU.ActiveCfg = Release|Any CPU
		{157644A0-B9ED-49C7-8E03-109E47DFE7F3}.Release|Any CPU.Build.0 = Release|Any CPU
		{A4F0B8BC-0BF0-4D23-A4E6-138D28573133}.Debug|Any CPU.ActiveCfg = Debug|Any CPU
		{A4F0B8BC-0BF0-4D23-A4E6-138D28573133}.Debug|Any CPU.Build.0 = Debug|Any CPU
		{A4F0B8BC-0BF0-4D23-A4E6-138D28573133}.Release|Any CPU.ActiveCfg = Release|Any CPU
		{A4F0B8BC-0BF0-4D23-A4E6-138D28573133}.Release|Any CPU.Build.0 = Release|Any CPU
		{86557600-EC0C-40F8-B3AC-678F18436D12}.Debug|Any CPU.ActiveCfg = Debug|Any CPU
		{86557600-EC0C-40F8-B3AC-678F18436D12}.Debug|Any CPU.Build.0 = Debug|Any CPU
		{86557600-EC0C-40F8-B3AC-678F18436D12}.Release|Any CPU.ActiveCfg = Release|Any CPU
		{86557600-EC0C-40F8-B3AC-678F18436D12}.Release|Any CPU.Build.0 = Release|Any CPU
		{1D32602F-26B6-434F-896F-8621EC90EB4A}.Debug|Any CPU.ActiveCfg = Debug|Any CPU
		{1D32602F-26B6-434F-896F-8621EC90EB4A}.Debug|Any CPU.Build.0 = Debug|Any CPU
		{1D32602F-26B6-434F-896F-8621EC90EB4A}.Release|Any CPU.ActiveCfg = Release|Any CPU
		{1D32602F-26B6-434F-896F-8621EC90EB4A}.Release|Any CPU.Build.0 = Release|Any CPU
	EndGlobalSection
	GlobalSection(SolutionProperties) = preSolution
		HideSolutionNode = FALSE
	EndGlobalSection
	GlobalSection(ExtensibilityGlobals) = postSolution
		SolutionGuid = {5BE8EE62-5A72-4A32-A7B2-4DA73B2BFDFC}
	EndGlobalSection
EndGlobal
